// !$*UTF8*$!
{
	archiveVersion = 1;
	classes = {
	};
	objectVersion = 50;
	objects = {

/* Begin PBXBuildFile section */
		FEC0F9BE225FB60900D86488 /* AppDelegate.swift in Sources */ = {isa = PBXBuildFile; fileRef = FEC0F9BD225FB60900D86488 /* AppDelegate.swift */; };
		FEC0F9C2225FB60900D86488 /* Actions.sks in Resources */ = {isa = PBXBuildFile; fileRef = FEC0F9C1225FB60900D86488 /* Actions.sks */; };
		FEC0F9C9225FB60900D86488 /* Main.storyboard in Resources */ = {isa = PBXBuildFile; fileRef = FEC0F9C7225FB60900D86488 /* Main.storyboard */; };
		FEC0F9CB225FB60B00D86488 /* Assets.xcassets in Resources */ = {isa = PBXBuildFile; fileRef = FEC0F9CA225FB60B00D86488 /* Assets.xcassets */; };
		FEC0F9CE225FB60B00D86488 /* LaunchScreen.storyboard in Resources */ = {isa = PBXBuildFile; fileRef = FEC0F9CC225FB60B00D86488 /* LaunchScreen.storyboard */; };
		FEC0F9E4225FB60C00D86488 /* MemoryGameUITests.swift in Sources */ = {isa = PBXBuildFile; fileRef = FEC0F9E3225FB60C00D86488 /* MemoryGameUITests.swift */; };
		FEC0F9F6225FB88B00D86488 /* GameScene.sks in Resources */ = {isa = PBXBuildFile; fileRef = FEC0F9BF225FB60900D86488 /* GameScene.sks */; };
		FEC0F9F7225FB88B00D86488 /* GameScene.swift in Sources */ = {isa = PBXBuildFile; fileRef = FEC0F9C3225FB60900D86488 /* GameScene.swift */; };
		FEC0F9F8225FB88B00D86488 /* GameViewController.swift in Sources */ = {isa = PBXBuildFile; fileRef = FEC0F9C5225FB60900D86488 /* GameViewController.swift */; };
		FEC0F9FB225FC61C00D86488 /* LobbyViewController.swift in Sources */ = {isa = PBXBuildFile; fileRef = FEC0F9FA225FC61B00D86488 /* LobbyViewController.swift */; };
		FEC0FA02225FD33200D86488 /* GameSize.swift in Sources */ = {isa = PBXBuildFile; fileRef = FEC0FA01225FD33200D86488 /* GameSize.swift */; };
		FEC0FA04225FD73C00D86488 /* CardType.swift in Sources */ = {isa = PBXBuildFile; fileRef = FEC0FA03225FD73C00D86488 /* CardType.swift */; };
		FEC0FA06225FD80D00D86488 /* GameCard.swift in Sources */ = {isa = PBXBuildFile; fileRef = FEC0FA05225FD80D00D86488 /* GameCard.swift */; };
		FEC0FA08225FD8C200D86488 /* GameState.swift in Sources */ = {isa = PBXBuildFile; fileRef = FEC0FA07225FD8C200D86488 /* GameState.swift */; };
		FEC0FA0A225FEA4800D86488 /* GameSizeTests.swift in Sources */ = {isa = PBXBuildFile; fileRef = FEC0FA09225FEA4800D86488 /* GameSizeTests.swift */; };
		FEC0FA0C225FEBDE00D86488 /* CardTypeTests.swift in Sources */ = {isa = PBXBuildFile; fileRef = FEC0FA0B225FEBDE00D86488 /* CardTypeTests.swift */; };
		FEC0FA0E225FEE5800D86488 /* GameCardTests.swift in Sources */ = {isa = PBXBuildFile; fileRef = FEC0FA0D225FEE5800D86488 /* GameCardTests.swift */; };
		FEC0FA10225FF19C00D86488 /* GameStateTests.swift in Sources */ = {isa = PBXBuildFile; fileRef = FEC0FA0F225FF19C00D86488 /* GameStateTests.swift */; };
		FEC0FA132260E36300D86488 /* CardNode.swift in Sources */ = {isa = PBXBuildFile; fileRef = FEC0FA122260E36300D86488 /* CardNode.swift */; };
/* End PBXBuildFile section */

/* Begin PBXContainerItemProxy section */
		FEC0F9D5225FB60C00D86488 /* PBXContainerItemProxy */ = {
			isa = PBXContainerItemProxy;
			containerPortal = FEC0F9B2225FB60900D86488 /* Project object */;
			proxyType = 1;
			remoteGlobalIDString = FEC0F9B9225FB60900D86488;
			remoteInfo = MemoryGame;
		};
		FEC0F9E0225FB60C00D86488 /* PBXContainerItemProxy */ = {
			isa = PBXContainerItemProxy;
			containerPortal = FEC0F9B2225FB60900D86488 /* Project object */;
			proxyType = 1;
			remoteGlobalIDString = FEC0F9B9225FB60900D86488;
			remoteInfo = MemoryGame;
		};
/* End PBXContainerItemProxy section */

/* Begin PBXFileReference section */
		FEC0F9BA225FB60900D86488 /* MemoryGame.app */ = {isa = PBXFileReference; explicitFileType = wrapper.application; includeInIndex = 0; path = MemoryGame.app; sourceTree = BUILT_PRODUCTS_DIR; };
		FEC0F9BD225FB60900D86488 /* AppDelegate.swift */ = {isa = PBXFileReference; lastKnownFileType = sourcecode.swift; path = AppDelegate.swift; sourceTree = "<group>"; };
		FEC0F9BF225FB60900D86488 /* GameScene.sks */ = {isa = PBXFileReference; lastKnownFileType = file.sks; path = GameScene.sks; sourceTree = "<group>"; };
		FEC0F9C1225FB60900D86488 /* Actions.sks */ = {isa = PBXFileReference; lastKnownFileType = file.sks; path = Actions.sks; sourceTree = "<group>"; };
		FEC0F9C3225FB60900D86488 /* GameScene.swift */ = {isa = PBXFileReference; lastKnownFileType = sourcecode.swift; path = GameScene.swift; sourceTree = "<group>"; };
		FEC0F9C5225FB60900D86488 /* GameViewController.swift */ = {isa = PBXFileReference; lastKnownFileType = sourcecode.swift; path = GameViewController.swift; sourceTree = "<group>"; };
		FEC0F9C8225FB60900D86488 /* Base */ = {isa = PBXFileReference; lastKnownFileType = file.storyboard; name = Base; path = Base.lproj/Main.storyboard; sourceTree = "<group>"; };
		FEC0F9CA225FB60B00D86488 /* Assets.xcassets */ = {isa = PBXFileReference; lastKnownFileType = folder.assetcatalog; path = Assets.xcassets; sourceTree = "<group>"; };
		FEC0F9CD225FB60B00D86488 /* Base */ = {isa = PBXFileReference; lastKnownFileType = file.storyboard; name = Base; path = Base.lproj/LaunchScreen.storyboard; sourceTree = "<group>"; };
		FEC0F9CF225FB60B00D86488 /* Info.plist */ = {isa = PBXFileReference; lastKnownFileType = text.plist.xml; path = Info.plist; sourceTree = "<group>"; };
		FEC0F9D4225FB60C00D86488 /* MemoryGameTests.xctest */ = {isa = PBXFileReference; explicitFileType = wrapper.cfbundle; includeInIndex = 0; path = MemoryGameTests.xctest; sourceTree = BUILT_PRODUCTS_DIR; };
		FEC0F9DA225FB60C00D86488 /* Info.plist */ = {isa = PBXFileReference; lastKnownFileType = text.plist.xml; path = Info.plist; sourceTree = "<group>"; };
		FEC0F9DF225FB60C00D86488 /* MemoryGameUITests.xctest */ = {isa = PBXFileReference; explicitFileType = wrapper.cfbundle; includeInIndex = 0; path = MemoryGameUITests.xctest; sourceTree = BUILT_PRODUCTS_DIR; };
		FEC0F9E3225FB60C00D86488 /* MemoryGameUITests.swift */ = {isa = PBXFileReference; lastKnownFileType = sourcecode.swift; path = MemoryGameUITests.swift; sourceTree = "<group>"; };
		FEC0F9E5225FB60C00D86488 /* Info.plist */ = {isa = PBXFileReference; lastKnownFileType = text.plist.xml; path = Info.plist; sourceTree = "<group>"; };
		FEC0F9FA225FC61B00D86488 /* LobbyViewController.swift */ = {isa = PBXFileReference; lastKnownFileType = sourcecode.swift; path = LobbyViewController.swift; sourceTree = "<group>"; };
		FEC0FA01225FD33200D86488 /* GameSize.swift */ = {isa = PBXFileReference; lastKnownFileType = sourcecode.swift; path = GameSize.swift; sourceTree = "<group>"; };
		FEC0FA03225FD73C00D86488 /* CardType.swift */ = {isa = PBXFileReference; lastKnownFileType = sourcecode.swift; path = CardType.swift; sourceTree = "<group>"; };
		FEC0FA05225FD80D00D86488 /* GameCard.swift */ = {isa = PBXFileReference; lastKnownFileType = sourcecode.swift; path = GameCard.swift; sourceTree = "<group>"; };
		FEC0FA07225FD8C200D86488 /* GameState.swift */ = {isa = PBXFileReference; lastKnownFileType = sourcecode.swift; path = GameState.swift; sourceTree = "<group>"; };
		FEC0FA09225FEA4800D86488 /* GameSizeTests.swift */ = {isa = PBXFileReference; lastKnownFileType = sourcecode.swift; path = GameSizeTests.swift; sourceTree = "<group>"; };
		FEC0FA0B225FEBDE00D86488 /* CardTypeTests.swift */ = {isa = PBXFileReference; lastKnownFileType = sourcecode.swift; path = CardTypeTests.swift; sourceTree = "<group>"; };
		FEC0FA0D225FEE5800D86488 /* GameCardTests.swift */ = {isa = PBXFileReference; lastKnownFileType = sourcecode.swift; path = GameCardTests.swift; sourceTree = "<group>"; };
		FEC0FA0F225FF19C00D86488 /* GameStateTests.swift */ = {isa = PBXFileReference; lastKnownFileType = sourcecode.swift; path = GameStateTests.swift; sourceTree = "<group>"; };
		FEC0FA122260E36300D86488 /* CardNode.swift */ = {isa = PBXFileReference; lastKnownFileType = sourcecode.swift; path = CardNode.swift; sourceTree = "<group>"; };
/* End PBXFileReference section */

/* Begin PBXFrameworksBuildPhase section */
		FEC0F9B7225FB60900D86488 /* Frameworks */ = {
			isa = PBXFrameworksBuildPhase;
			buildActionMask = 2147483647;
			files = (
			);
			runOnlyForDeploymentPostprocessing = 0;
		};
		FEC0F9D1225FB60C00D86488 /* Frameworks */ = {
			isa = PBXFrameworksBuildPhase;
			buildActionMask = 2147483647;
			files = (
			);
			runOnlyForDeploymentPostprocessing = 0;
		};
		FEC0F9DC225FB60C00D86488 /* Frameworks */ = {
			isa = PBXFrameworksBuildPhase;
			buildActionMask = 2147483647;
			files = (
			);
			runOnlyForDeploymentPostprocessing = 0;
		};
/* End PBXFrameworksBuildPhase section */

/* Begin PBXGroup section */
		FEC0F9B1225FB60900D86488 = {
			isa = PBXGroup;
			children = (
				FEC0F9BC225FB60900D86488 /* MemoryGame */,
				FEC0F9D7225FB60C00D86488 /* MemoryGameTests */,
				FEC0F9E2225FB60C00D86488 /* MemoryGameUITests */,
				FEC0F9BB225FB60900D86488 /* Products */,
			);
			sourceTree = "<group>";
		};
		FEC0F9BB225FB60900D86488 /* Products */ = {
			isa = PBXGroup;
			children = (
				FEC0F9BA225FB60900D86488 /* MemoryGame.app */,
				FEC0F9D4225FB60C00D86488 /* MemoryGameTests.xctest */,
				FEC0F9DF225FB60C00D86488 /* MemoryGameUITests.xctest */,
			);
			name = Products;
			sourceTree = "<group>";
		};
		FEC0F9BC225FB60900D86488 /* MemoryGame */ = {
			isa = PBXGroup;
			children = (
				FEC0FA112260E34F00D86488 /* SpriteKitNodes */,
				FEC0FA00225FD2F000D86488 /* Models */,
				FEC0F9F9225FB8C900D86488 /* LobbyScene */,
				FEC0F9F5225FB87E00D86488 /* GameScene */,
				FEC0F9BD225FB60900D86488 /* AppDelegate.swift */,
				FEC0F9C1225FB60900D86488 /* Actions.sks */,
				FEC0F9C7225FB60900D86488 /* Main.storyboard */,
				FEC0F9CA225FB60B00D86488 /* Assets.xcassets */,
				FEC0F9CC225FB60B00D86488 /* LaunchScreen.storyboard */,
				FEC0F9CF225FB60B00D86488 /* Info.plist */,
			);
			path = MemoryGame;
			sourceTree = "<group>";
		};
		FEC0F9D7225FB60C00D86488 /* MemoryGameTests */ = {
			isa = PBXGroup;
			children = (
				FEC0F9DA225FB60C00D86488 /* Info.plist */,
				FEC0FA09225FEA4800D86488 /* GameSizeTests.swift */,
				FEC0FA0B225FEBDE00D86488 /* CardTypeTests.swift */,
				FEC0FA0D225FEE5800D86488 /* GameCardTests.swift */,
				FEC0FA0F225FF19C00D86488 /* GameStateTests.swift */,
			);
			path = MemoryGameTests;
			sourceTree = "<group>";
		};
		FEC0F9E2225FB60C00D86488 /* MemoryGameUITests */ = {
			isa = PBXGroup;
			children = (
				FEC0F9E3225FB60C00D86488 /* MemoryGameUITests.swift */,
				FEC0F9E5225FB60C00D86488 /* Info.plist */,
			);
			path = MemoryGameUITests;
			sourceTree = "<group>";
		};
		FEC0F9F5225FB87E00D86488 /* GameScene */ = {
			isa = PBXGroup;
			children = (
				FEC0F9BF225FB60900D86488 /* GameScene.sks */,
				FEC0F9C3225FB60900D86488 /* GameScene.swift */,
				FEC0F9C5225FB60900D86488 /* GameViewController.swift */,
			);
			path = GameScene;
			sourceTree = "<group>";
		};
		FEC0F9F9225FB8C900D86488 /* LobbyScene */ = {
			isa = PBXGroup;
			children = (
				FEC0F9FA225FC61B00D86488 /* LobbyViewController.swift */,
			);
			path = LobbyScene;
			sourceTree = "<group>";
		};
		FEC0FA00225FD2F000D86488 /* Models */ = {
			isa = PBXGroup;
			children = (
				FEC0FA01225FD33200D86488 /* GameSize.swift */,
				FEC0FA03225FD73C00D86488 /* CardType.swift */,
				FEC0FA05225FD80D00D86488 /* GameCard.swift */,
				FEC0FA07225FD8C200D86488 /* GameState.swift */,
			);
			path = Models;
			sourceTree = "<group>";
		};
		FEC0FA112260E34F00D86488 /* SpriteKitNodes */ = {
			isa = PBXGroup;
			children = (
				FEC0FA122260E36300D86488 /* CardNode.swift */,
			);
			path = SpriteKitNodes;
			sourceTree = "<group>";
		};
/* End PBXGroup section */

/* Begin PBXNativeTarget section */
		FEC0F9B9225FB60900D86488 /* MemoryGame */ = {
			isa = PBXNativeTarget;
			buildConfigurationList = FEC0F9E8225FB60C00D86488 /* Build configuration list for PBXNativeTarget "MemoryGame" */;
			buildPhases = (
				FEC0F9B6225FB60900D86488 /* Sources */,
				FEC0F9B7225FB60900D86488 /* Frameworks */,
				FEC0F9B8225FB60900D86488 /* Resources */,
			);
			buildRules = (
			);
			dependencies = (
			);
			name = MemoryGame;
			productName = MemoryGame;
			productReference = FEC0F9BA225FB60900D86488 /* MemoryGame.app */;
			productType = "com.apple.product-type.application";
		};
		FEC0F9D3225FB60C00D86488 /* MemoryGameTests */ = {
			isa = PBXNativeTarget;
			buildConfigurationList = FEC0F9EB225FB60C00D86488 /* Build configuration list for PBXNativeTarget "MemoryGameTests" */;
			buildPhases = (
				FEC0F9D0225FB60C00D86488 /* Sources */,
				FEC0F9D1225FB60C00D86488 /* Frameworks */,
				FEC0F9D2225FB60C00D86488 /* Resources */,
			);
			buildRules = (
			);
			dependencies = (
				FEC0F9D6225FB60C00D86488 /* PBXTargetDependency */,
			);
			name = MemoryGameTests;
			productName = MemoryGameTests;
			productReference = FEC0F9D4225FB60C00D86488 /* MemoryGameTests.xctest */;
			productType = "com.apple.product-type.bundle.unit-test";
		};
		FEC0F9DE225FB60C00D86488 /* MemoryGameUITests */ = {
			isa = PBXNativeTarget;
			buildConfigurationList = FEC0F9EE225FB60C00D86488 /* Build configuration list for PBXNativeTarget "MemoryGameUITests" */;
			buildPhases = (
				FEC0F9DB225FB60C00D86488 /* Sources */,
				FEC0F9DC225FB60C00D86488 /* Frameworks */,
				FEC0F9DD225FB60C00D86488 /* Resources */,
			);
			buildRules = (
			);
			dependencies = (
				FEC0F9E1225FB60C00D86488 /* PBXTargetDependency */,
			);
			name = MemoryGameUITests;
			productName = MemoryGameUITests;
			productReference = FEC0F9DF225FB60C00D86488 /* MemoryGameUITests.xctest */;
			productType = "com.apple.product-type.bundle.ui-testing";
		};
/* End PBXNativeTarget section */

/* Begin PBXProject section */
		FEC0F9B2225FB60900D86488 /* Project object */ = {
			isa = PBXProject;
			attributes = {
				LastSwiftUpdateCheck = 1020;
				LastUpgradeCheck = 1020;
				TargetAttributes = {
					FEC0F9B9225FB60900D86488 = {
						CreatedOnToolsVersion = 10.2;
					};
					FEC0F9D3225FB60C00D86488 = {
						CreatedOnToolsVersion = 10.2;
						LastSwiftMigration = 1020;
						TestTargetID = FEC0F9B9225FB60900D86488;
					};
					FEC0F9DE225FB60C00D86488 = {
						CreatedOnToolsVersion = 10.2;
						TestTargetID = FEC0F9B9225FB60900D86488;
					};
				};
			};
			buildConfigurationList = FEC0F9B5225FB60900D86488 /* Build configuration list for PBXProject "MemoryGame" */;
			compatibilityVersion = "Xcode 9.3";
			developmentRegion = en;
			hasScannedForEncodings = 0;
			knownRegions = (
				en,
				Base,
			);
			mainGroup = FEC0F9B1225FB60900D86488;
			productRefGroup = FEC0F9BB225FB60900D86488 /* Products */;
			projectDirPath = "";
			projectRoot = "";
			targets = (
				FEC0F9B9225FB60900D86488 /* MemoryGame */,
				FEC0F9D3225FB60C00D86488 /* MemoryGameTests */,
				FEC0F9DE225FB60C00D86488 /* MemoryGameUITests */,
			);
		};
/* End PBXProject section */

/* Begin PBXResourcesBuildPhase section */
		FEC0F9B8225FB60900D86488 /* Resources */ = {
			isa = PBXResourcesBuildPhase;
			buildActionMask = 2147483647;
			files = (
				FEC0F9C9225FB60900D86488 /* Main.storyboard in Resources */,
				FEC0F9F6225FB88B00D86488 /* GameScene.sks in Resources */,
				FEC0F9CB225FB60B00D86488 /* Assets.xcassets in Resources */,
				FEC0F9CE225FB60B00D86488 /* LaunchScreen.storyboard in Resources */,
				FEC0F9C2225FB60900D86488 /* Actions.sks in Resources */,
			);
			runOnlyForDeploymentPostprocessing = 0;
		};
		FEC0F9D2225FB60C00D86488 /* Resources */ = {
			isa = PBXResourcesBuildPhase;
			buildActionMask = 2147483647;
			files = (
			);
			runOnlyForDeploymentPostprocessing = 0;
		};
		FEC0F9DD225FB60C00D86488 /* Resources */ = {
			isa = PBXResourcesBuildPhase;
			buildActionMask = 2147483647;
			files = (
			);
			runOnlyForDeploymentPostprocessing = 0;
		};
/* End PBXResourcesBuildPhase section */

/* Begin PBXSourcesBuildPhase section */
		FEC0F9B6225FB60900D86488 /* Sources */ = {
			isa = PBXSourcesBuildPhase;
			buildActionMask = 2147483647;
			files = (
				FEC0F9F7225FB88B00D86488 /* GameScene.swift in Sources */,
				FEC0FA132260E36300D86488 /* CardNode.swift in Sources */,
				FEC0FA02225FD33200D86488 /* GameSize.swift in Sources */,
				FEC0F9F8225FB88B00D86488 /* GameViewController.swift in Sources */,
				FEC0F9FB225FC61C00D86488 /* LobbyViewController.swift in Sources */,
				FEC0F9BE225FB60900D86488 /* AppDelegate.swift in Sources */,
				FEC0FA08225FD8C200D86488 /* GameState.swift in Sources */,
				FEC0FA06225FD80D00D86488 /* GameCard.swift in Sources */,
				FEC0FA04225FD73C00D86488 /* CardType.swift in Sources */,
			);
			runOnlyForDeploymentPostprocessing = 0;
		};
		FEC0F9D0225FB60C00D86488 /* Sources */ = {
			isa = PBXSourcesBuildPhase;
			buildActionMask = 2147483647;
			files = (
				FEC0FA0A225FEA4800D86488 /* GameSizeTests.swift in Sources */,
				FEC0FA10225FF19C00D86488 /* GameStateTests.swift in Sources */,
				FEC0FA0E225FEE5800D86488 /* GameCardTests.swift in Sources */,
				FEC0FA0C225FEBDE00D86488 /* CardTypeTests.swift in Sources */,
			);
			runOnlyForDeploymentPostprocessing = 0;
		};
		FEC0F9DB225FB60C00D86488 /* Sources */ = {
			isa = PBXSourcesBuildPhase;
			buildActionMask = 2147483647;
			files = (
				FEC0F9E4225FB60C00D86488 /* MemoryGameUITests.swift in Sources */,
			);
			runOnlyForDeploymentPostprocessing = 0;
		};
/* End PBXSourcesBuildPhase section */

/* Begin PBXTargetDependency section */
		FEC0F9D6225FB60C00D86488 /* PBXTargetDependency */ = {
			isa = PBXTargetDependency;
			target = FEC0F9B9225FB60900D86488 /* MemoryGame */;
			targetProxy = FEC0F9D5225FB60C00D86488 /* PBXContainerItemProxy */;
		};
		FEC0F9E1225FB60C00D86488 /* PBXTargetDependency */ = {
			isa = PBXTargetDependency;
			target = FEC0F9B9225FB60900D86488 /* MemoryGame */;
			targetProxy = FEC0F9E0225FB60C00D86488 /* PBXContainerItemProxy */;
		};
/* End PBXTargetDependency section */

/* Begin PBXVariantGroup section */
		FEC0F9C7225FB60900D86488 /* Main.storyboard */ = {
			isa = PBXVariantGroup;
			children = (
				FEC0F9C8225FB60900D86488 /* Base */,
			);
			name = Main.storyboard;
			sourceTree = "<group>";
		};
		FEC0F9CC225FB60B00D86488 /* LaunchScreen.storyboard */ = {
			isa = PBXVariantGroup;
			children = (
				FEC0F9CD225FB60B00D86488 /* Base */,
			);
			name = LaunchScreen.storyboard;
			sourceTree = "<group>";
		};
/* End PBXVariantGroup section */

/* Begin XCBuildConfiguration section */
		FEC0F9E6225FB60C00D86488 /* Debug */ = {
			isa = XCBuildConfiguration;
			buildSettings = {
				ALWAYS_SEARCH_USER_PATHS = NO;
				CLANG_ANALYZER_NONNULL = YES;
				CLANG_ANALYZER_NUMBER_OBJECT_CONVERSION = YES_AGGRESSIVE;
				CLANG_CXX_LANGUAGE_STANDARD = "gnu++14";
				CLANG_CXX_LIBRARY = "libc++";
				CLANG_ENABLE_MODULES = YES;
				CLANG_ENABLE_OBJC_ARC = YES;
				CLANG_ENABLE_OBJC_WEAK = YES;
				CLANG_WARN_BLOCK_CAPTURE_AUTORELEASING = YES;
				CLANG_WARN_BOOL_CONVERSION = YES;
				CLANG_WARN_COMMA = YES;
				CLANG_WARN_CONSTANT_CONVERSION = YES;
				CLANG_WARN_DEPRECATED_OBJC_IMPLEMENTATIONS = YES;
				CLANG_WARN_DIRECT_OBJC_ISA_USAGE = YES_ERROR;
				CLANG_WARN_DOCUMENTATION_COMMENTS = YES;
				CLANG_WARN_EMPTY_BODY = YES;
				CLANG_WARN_ENUM_CONVERSION = YES;
				CLANG_WARN_INFINITE_RECURSION = YES;
				CLANG_WARN_INT_CONVERSION = YES;
				CLANG_WARN_NON_LITERAL_NULL_CONVERSION = YES;
				CLANG_WARN_OBJC_IMPLICIT_RETAIN_SELF = YES;
				CLANG_WARN_OBJC_LITERAL_CONVERSION = YES;
				CLANG_WARN_OBJC_ROOT_CLASS = YES_ERROR;
				CLANG_WARN_RANGE_LOOP_ANALYSIS = YES;
				CLANG_WARN_STRICT_PROTOTYPES = YES;
				CLANG_WARN_SUSPICIOUS_MOVE = YES;
				CLANG_WARN_UNGUARDED_AVAILABILITY = YES_AGGRESSIVE;
				CLANG_WARN_UNREACHABLE_CODE = YES;
				CLANG_WARN__DUPLICATE_METHOD_MATCH = YES;
				CODE_SIGN_IDENTITY = "iPhone Developer";
				COPY_PHASE_STRIP = NO;
				DEBUG_INFORMATION_FORMAT = dwarf;
				ENABLE_STRICT_OBJC_MSGSEND = YES;
				ENABLE_TESTABILITY = YES;
				GCC_C_LANGUAGE_STANDARD = gnu11;
				GCC_DYNAMIC_NO_PIC = NO;
				GCC_NO_COMMON_BLOCKS = YES;
				GCC_OPTIMIZATION_LEVEL = 0;
				GCC_PREPROCESSOR_DEFINITIONS = (
					"DEBUG=1",
					"$(inherited)",
				);
				GCC_WARN_64_TO_32_BIT_CONVERSION = YES;
				GCC_WARN_ABOUT_RETURN_TYPE = YES_ERROR;
				GCC_WARN_UNDECLARED_SELECTOR = YES;
				GCC_WARN_UNINITIALIZED_AUTOS = YES_AGGRESSIVE;
				GCC_WARN_UNUSED_FUNCTION = YES;
				GCC_WARN_UNUSED_VARIABLE = YES;
				IPHONEOS_DEPLOYMENT_TARGET = 12.2;
				MTL_ENABLE_DEBUG_INFO = INCLUDE_SOURCE;
				MTL_FAST_MATH = YES;
				ONLY_ACTIVE_ARCH = YES;
				SDKROOT = iphoneos;
				SWIFT_ACTIVE_COMPILATION_CONDITIONS = DEBUG;
				SWIFT_OPTIMIZATION_LEVEL = "-Onone";
			};
			name = Debug;
		};
		FEC0F9E7225FB60C00D86488 /* Release */ = {
			isa = XCBuildConfiguration;
			buildSettings = {
				ALWAYS_SEARCH_USER_PATHS = NO;
				CLANG_ANALYZER_NONNULL = YES;
				CLANG_ANALYZER_NUMBER_OBJECT_CONVERSION = YES_AGGRESSIVE;
				CLANG_CXX_LANGUAGE_STANDARD = "gnu++14";
				CLANG_CXX_LIBRARY = "libc++";
				CLANG_ENABLE_MODULES = YES;
				CLANG_ENABLE_OBJC_ARC = YES;
				CLANG_ENABLE_OBJC_WEAK = YES;
				CLANG_WARN_BLOCK_CAPTURE_AUTORELEASING = YES;
				CLANG_WARN_BOOL_CONVERSION = YES;
				CLANG_WARN_COMMA = YES;
				CLANG_WARN_CONSTANT_CONVERSION = YES;
				CLANG_WARN_DEPRECATED_OBJC_IMPLEMENTATIONS = YES;
				CLANG_WARN_DIRECT_OBJC_ISA_USAGE = YES_ERROR;
				CLANG_WARN_DOCUMENTATION_COMMENTS = YES;
				CLANG_WARN_EMPTY_BODY = YES;
				CLANG_WARN_ENUM_CONVERSION = YES;
				CLANG_WARN_INFINITE_RECURSION = YES;
				CLANG_WARN_INT_CONVERSION = YES;
				CLANG_WARN_NON_LITERAL_NULL_CONVERSION = YES;
				CLANG_WARN_OBJC_IMPLICIT_RETAIN_SELF = YES;
				CLANG_WARN_OBJC_LITERAL_CONVERSION = YES;
				CLANG_WARN_OBJC_ROOT_CLASS = YES_ERROR;
				CLANG_WARN_RANGE_LOOP_ANALYSIS = YES;
				CLANG_WARN_STRICT_PROTOTYPES = YES;
				CLANG_WARN_SUSPICIOUS_MOVE = YES;
				CLANG_WARN_UNGUARDED_AVAILABILITY = YES_AGGRESSIVE;
				CLANG_WARN_UNREACHABLE_CODE = YES;
				CLANG_WARN__DUPLICATE_METHOD_MATCH = YES;
				CODE_SIGN_IDENTITY = "iPhone Developer";
				COPY_PHASE_STRIP = NO;
				DEBUG_INFORMATION_FORMAT = "dwarf-with-dsym";
				ENABLE_NS_ASSERTIONS = NO;
				ENABLE_STRICT_OBJC_MSGSEND = YES;
				GCC_C_LANGUAGE_STANDARD = gnu11;
				GCC_NO_COMMON_BLOCKS = YES;
				GCC_WARN_64_TO_32_BIT_CONVERSION = YES;
				GCC_WARN_ABOUT_RETURN_TYPE = YES_ERROR;
				GCC_WARN_UNDECLARED_SELECTOR = YES;
				GCC_WARN_UNINITIALIZED_AUTOS = YES_AGGRESSIVE;
				GCC_WARN_UNUSED_FUNCTION = YES;
				GCC_WARN_UNUSED_VARIABLE = YES;
				IPHONEOS_DEPLOYMENT_TARGET = 12.2;
				MTL_ENABLE_DEBUG_INFO = NO;
				MTL_FAST_MATH = YES;
				SDKROOT = iphoneos;
				SWIFT_COMPILATION_MODE = wholemodule;
				SWIFT_OPTIMIZATION_LEVEL = "-O";
				VALIDATE_PRODUCT = YES;
			};
			name = Release;
		};
		FEC0F9E9225FB60C00D86488 /* Debug */ = {
			isa = XCBuildConfiguration;
			buildSettings = {
				ASSETCATALOG_COMPILER_APPICON_NAME = AppIcon;
				CODE_SIGN_STYLE = Automatic;
				DEVELOPMENT_TEAM = 7LSUEYG3GC;
				INFOPLIST_FILE = MemoryGame/Info.plist;
				LD_RUNPATH_SEARCH_PATHS = (
					"$(inherited)",
					"@executable_path/Frameworks",
				);
				PRODUCT_BUNDLE_IDENTIFIER = com.daniel.bergquist.MemoryGame;
				PRODUCT_NAME = "$(TARGET_NAME)";
				SWIFT_VERSION = 5.0;
				TARGETED_DEVICE_FAMILY = "1,2";
			};
			name = Debug;
		};
		FEC0F9EA225FB60C00D86488 /* Release */ = {
			isa = XCBuildConfiguration;
			buildSettings = {
				ASSETCATALOG_COMPILER_APPICON_NAME = AppIcon;
				CODE_SIGN_STYLE = Automatic;
				DEVELOPMENT_TEAM = 7LSUEYG3GC;
				INFOPLIST_FILE = MemoryGame/Info.plist;
				LD_RUNPATH_SEARCH_PATHS = (
					"$(inherited)",
					"@executable_path/Frameworks",
				);
				PRODUCT_BUNDLE_IDENTIFIER = com.daniel.bergquist.MemoryGame;
				PRODUCT_NAME = "$(TARGET_NAME)";
				SWIFT_VERSION = 5.0;
				TARGETED_DEVICE_FAMILY = "1,2";
			};
			name = Release;
		};
		FEC0F9EC225FB60C00D86488 /* Debug */ = {
			isa = XCBuildConfiguration;
			buildSettings = {
				ALWAYS_EMBED_SWIFT_STANDARD_LIBRARIES = YES;
				BUNDLE_LOADER = "$(TEST_HOST)";
				CLANG_ENABLE_MODULES = YES;
				CODE_SIGN_STYLE = Automatic;
				DEVELOPMENT_TEAM = 7LSUEYG3GC;
				INFOPLIST_FILE = MemoryGameTests/Info.plist;
				LD_RUNPATH_SEARCH_PATHS = (
					"$(inherited)",
					"@executable_path/Frameworks",
					"@loader_path/Frameworks",
				);
				PRODUCT_BUNDLE_IDENTIFIER = com.daniel.bergquist.MemoryGameTests;
				PRODUCT_NAME = "$(TARGET_NAME)";
				SWIFT_OPTIMIZATION_LEVEL = "-Onone";
				SWIFT_VERSION = 5.0;
				TARGETED_DEVICE_FAMILY = "1,2";
				TEST_HOST = "$(BUILT_PRODUCTS_DIR)/MemoryGame.app/MemoryGame";
			};
			name = Debug;
		};
		FEC0F9ED225FB60C00D86488 /* Release */ = {
			isa = XCBuildConfiguration;
			buildSettings = {
				ALWAYS_EMBED_SWIFT_STANDARD_LIBRARIES = YES;
				BUNDLE_LOADER = "$(TEST_HOST)";
				CLANG_ENABLE_MODULES = YES;
				CODE_SIGN_STYLE = Automatic;
				DEVELOPMENT_TEAM = 7LSUEYG3GC;
				INFOPLIST_FILE = MemoryGameTests/Info.plist;
				LD_RUNPATH_SEARCH_PATHS = (
					"$(inherited)",
					"@executable_path/Frameworks",
					"@loader_path/Frameworks",
				);
				PRODUCT_BUNDLE_IDENTIFIER = com.daniel.bergquist.MemoryGameTests;
				PRODUCT_NAME = "$(TARGET_NAME)";
				SWIFT_VERSION = 5.0;
				TARGETED_DEVICE_FAMILY = "1,2";
				TEST_HOST = "$(BUILT_PRODUCTS_DIR)/MemoryGame.app/MemoryGame";
			};
			name = Release;
		};
		FEC0F9EF225FB60C00D86488 /* Debug */ = {
			isa = XCBuildConfiguration;
			buildSettings = {
				ALWAYS_EMBED_SWIFT_STANDARD_LIBRARIES = YES;
				CODE_SIGN_STYLE = Automatic;
				DEVELOPMENT_TEAM = 7LSUEYG3GC;
				INFOPLIST_FILE = MemoryGameUITests/Info.plist;
				LD_RUNPATH_SEARCH_PATHS = (
					"$(inherited)",
					"@executable_path/Frameworks",
					"@loader_path/Frameworks",
				);
				PRODUCT_BUNDLE_IDENTIFIER = com.daniel.bergquist.MemoryGameUITests;
				PRODUCT_NAME = "$(TARGET_NAME)";
				SWIFT_VERSION = 5.0;
				TARGETED_DEVICE_FAMILY = "1,2";
				TEST_TARGET_NAME = MemoryGame;
			};
			name = Debug;
		};
		FEC0F9F0225FB60C00D86488 /* Release */ = {
			isa = XCBuildConfiguration;
			buildSettings = {
				ALWAYS_EMBED_SWIFT_STANDARD_LIBRARIES = YES;
				CODE_SIGN_STYLE = Automatic;
				DEVELOPMENT_TEAM = 7LSUEYG3GC;
				INFOPLIST_FILE = MemoryGameUITests/Info.plist;
				LD_RUNPATH_SEARCH_PATHS = (
					"$(inherited)",
					"@executable_path/Frameworks",
					"@loader_path/Frameworks",
				);
				PRODUCT_BUNDLE_IDENTIFIER = com.daniel.bergquist.MemoryGameUITests;
				PRODUCT_NAME = "$(TARGET_NAME)";
				SWIFT_VERSION = 5.0;
				TARGETED_DEVICE_FAMILY = "1,2";
				TEST_TARGET_NAME = MemoryGame;
			};
			name = Release;
		};
/* End XCBuildConfiguration section */

/* Begin XCConfigurationList section */
		FEC0F9B5225FB60900D86488 /* Build configuration list for PBXProject "MemoryGame" */ = {
			isa = XCConfigurationList;
			buildConfigurations = (
				FEC0F9E6225FB60C00D86488 /* Debug */,
				FEC0F9E7225FB60C00D86488 /* Release */,
			);
			defaultConfigurationIsVisible = 0;
			defaultConfigurationName = Release;
		};
		FEC0F9E8225FB60C00D86488 /* Build configuration list for PBXNativeTarget "MemoryGame" */ = {
			isa = XCConfigurationList;
			buildConfigurations = (
				FEC0F9E9225FB60C00D86488 /* Debug */,
				FEC0F9EA225FB60C00D86488 /* Release */,
			);
			defaultConfigurationIsVisible = 0;
			defaultConfigurationName = Release;
		};
		FEC0F9EB225FB60C00D86488 /* Build configuration list for PBXNativeTarget "MemoryGameTests" */ = {
			isa = XCConfigurationList;
			buildConfigurations = (
				FEC0F9EC225FB60C00D86488 /* Debug */,
				FEC0F9ED225FB60C00D86488 /* Release */,
			);
			defaultConfigurationIsVisible = 0;
			defaultConfigurationName = Release;
		};
		FEC0F9EE225FB60C00D86488 /* Build configuration list for PBXNativeTarget "MemoryGameUITests" */ = {
			isa = XCConfigurationList;
			buildConfigurations = (
				FEC0F9EF225FB60C00D86488 /* Debug */,
				FEC0F9F0225FB60C00D86488 /* Release */,
			);
			defaultConfigurationIsVisible = 0;
			defaultConfigurationName = Release;
		};
/* End XCConfigurationList section */
	};
	rootObject = FEC0F9B2225FB60900D86488 /* Project object */;
}
